
Microsoft Visual Studio Solution File, Format Version 12.00
# Visual Studio Version 17
VisualStudioVersion = 17.2.32630.192
MinimumVisualStudioVersion = 10.0.40219.1
Project("{9A19103F-16F7-4668-BE54-9A1E7A4F7556}") = "Juegos", "Juegos\Juegos.csproj", "{D4099196-D67F-4182-81FF-105C714948BA}"
EndProject
Global
	GlobalSection(SolutionConfigurationPlatforms) = preSolution
		Debug|Any CPU = Debug|Any CPU
		Release|Any CPU = Release|Any CPU
	EndGlobalSection
	GlobalSection(ProjectConfigurationPlatforms) = postSolution
		{D4099196-D67F-4182-81FF-105C714948BA}.Debug|Any CPU.ActiveCfg = Debug|Any CPU
		{D4099196-D67F-4182-81FF-105C714948BA}.Debug|Any CPU.Build.0 = Debug|Any CPU
		{D4099196-D67F-4182-81FF-105C714948BA}.Release|Any CPU.ActiveCfg = Release|Any CPU
		{D4099196-D67F-4182-81FF-105C714948BA}.Release|Any CPU.Build.0 = Release|Any CPU
	EndGlobalSection
	GlobalSection(SolutionProperties) = preSolution
		HideSolutionNode = FALSE
	EndGlobalSection
	GlobalSection(ExtensibilityGlobals) = postSolution
		SolutionGuid = {18F707B9-1C8F-43C2-840A-A3A22C55D66C}
	EndGlobalSection
EndGlobal
